
Microsoft Visual Studio Solution File, Format Version 12.00
# Visual Studio Version 17
VisualStudioVersion = 17.7.34024.191
MinimumVisualStudioVersion = 10.0.40219.1
Project("{FAE04EC0-301F-11D3-BF4B-00C04F79EFBC}") = "WebBook", "WebBook\WebBook.csproj", "{18C3BDD6-08B6-4F5A-AA61-64B701CA71C3}"
EndProject
Project("{FAE04EC0-301F-11D3-BF4B-00C04F79EFBC}") = "Domin", "Domin\Domin.csproj", "{A7555B41-6FB2-4697-B1DC-1AF07C0EFF05}"
EndProject
Project("{FAE04EC0-301F-11D3-BF4B-00C04F79EFBC}") = "Infrastuructucre", "Infrastuructucre\Infrastuructucre.csproj", "{E8FE732D-BB0F-45AA-B74F-29E3E075B831}"
EndProject
Global
	GlobalSection(SolutionConfigurationPlatforms) = preSolution
		Debug|Any CPU = Debug|Any CPU
		Release|Any CPU = Release|Any CPU
	EndGlobalSection
	GlobalSection(ProjectConfigurationPlatforms) = postSolution
		{18C3BDD6-08B6-4F5A-AA61-64B701CA71C3}.Debug|Any CPU.ActiveCfg = Debug|Any CPU
		{18C3BDD6-08B6-4F5A-AA61-64B701CA71C3}.Debug|Any CPU.Build.0 = Debug|Any CPU
		{18C3BDD6-08B6-4F5A-AA61-64B701CA71C3}.Release|Any CPU.ActiveCfg = Release|Any CPU
		{18C3BDD6-08B6-4F5A-AA61-64B701CA71C3}.Release|Any CPU.Build.0 = Release|Any CPU
		{A7555B41-6FB2-4697-B1DC-1AF07C0EFF05}.Debug|Any CPU.ActiveCfg = Debug|Any CPU
		{A7555B41-6FB2-4697-B1DC-1AF07C0EFF05}.Debug|Any CPU.Build.0 = Debug|Any CPU
		{A7555B41-6FB2-4697-B1DC-1AF07C0EFF05}.Release|Any CPU.ActiveCfg = Release|Any CPU
		{A7555B41-6FB2-4697-B1DC-1AF07C0EFF05}.Release|Any CPU.Build.0 = Release|Any CPU
		{E8FE732D-BB0F-45AA-B74F-29E3E075B831}.Debug|Any CPU.ActiveCfg = Debug|Any CPU
		{E8FE732D-BB0F-45AA-B74F-29E3E075B831}.Debug|Any CPU.Build.0 = Debug|Any CPU
		{E8FE732D-BB0F-45AA-B74F-29E3E075B831}.Release|Any CPU.ActiveCfg = Release|Any CPU
		{E8FE732D-BB0F-45AA-B74F-29E3E075B831}.Release|Any CPU.Build.0 = Release|Any CPU
	EndGlobalSection
	GlobalSection(SolutionProperties) = preSolution
		HideSolutionNode = FALSE
	EndGlobalSection
	GlobalSection(ExtensibilityGlobals) = postSolution
		SolutionGuid = {11DA6925-A223-487A-B7D0-66A1438518B0}
	EndGlobalSection
EndGlobal
